
Microsoft Visual Studio Solution File, Format Version 12.00
# Visual Studio Version 17
VisualStudioVersion = 17.5.33424.131
MinimumVisualStudioVersion = 10.0.40219.1
Project("{9A19103F-16F7-4668-BE54-9A1E7A4F7556}") = "ToDo.Shared", "src\ToDo.Shared\ToDo.Shared.csproj", "{E53677E2-E0B0-4E2C-8EB7-CEB42F48471A}"
EndProject
Project("{9A19103F-16F7-4668-BE54-9A1E7A4F7556}") = "ToDo.Domain.Tests", "tests\ToDo.Domain.UnitTests\ToDo.Domain.Tests.csproj", "{60757A86-C806-431E-BC07-263800EA0A22}"
EndProject
Project("{2150E333-8FDC-42A3-9474-1A3956D46DE8}") = "Tests", "Tests", "{E866300F-2C6E-4971-AD67-619515901751}"
EndProject
Project("{2150E333-8FDC-42A3-9474-1A3956D46DE8}") = "Backend", "Backend", "{E2B00C42-AF82-4306-924D-8CAA120B70E3}"
EndProject
Project("{9A19103F-16F7-4668-BE54-9A1E7A4F7556}") = "ToDo.Application", "src\Backend\ToDo.Application\ToDo.Application.csproj", "{67E95611-7CC3-411E-9C19-D1B19EFB68FE}"
EndProject
Project("{9A19103F-16F7-4668-BE54-9A1E7A4F7556}") = "ToDo.Domain", "src\Backend\ToDo.Domain\ToDo.Domain.csproj", "{77122C83-A3E9-4BBE-94D0-B88787C8EC97}"
EndProject
Project("{9A19103F-16F7-4668-BE54-9A1E7A4F7556}") = "ToDo.Infrastructure", "src\Backend\ToDo.Infrastructure\ToDo.Infrastructure.csproj", "{0D931077-DD0D-4253-B38D-D6802E127589}"
EndProject
Project("{9A19103F-16F7-4668-BE54-9A1E7A4F7556}") = "ToDo.API", "src\Backend\ToDo.API\ToDo.API.csproj", "{9CEE5DE7-6AD9-429A-AEDB-5124D6F96888}"
EndProject
Project("{2150E333-8FDC-42A3-9474-1A3956D46DE8}") = "Frontend", "Frontend", "{EE1CCBEA-E034-4B93-A865-1770C083E459}"
EndProject
Project("{9A19103F-16F7-4668-BE54-9A1E7A4F7556}") = "ToDo.Mvc.WebUI", "src\Frontend\ToDo.Mvc.WebUI\ToDo.Mvc.WebUI.csproj", "{AA24CC60-BFEB-484D-9A85-61CBFB35EEBC}"
EndProject
Project("{FAE04EC0-301F-11D3-BF4B-00C04F79EFBC}") = "ToDo.API.Tests", "tests\ToDo.API.Tests\ToDo.API.Tests.csproj", "{9EB4576E-114E-47F5-A241-67AB5E394691}"
EndProject
Project("{2150E333-8FDC-42A3-9474-1A3956D46DE8}") = "Solution Items", "Solution Items", "{5260C759-6DB1-4680-A572-92AD47FE57AB}"
	ProjectSection(SolutionItems) = preProject
		README.md = README.md
	EndProjectSection
EndProject
Global
	GlobalSection(SolutionConfigurationPlatforms) = preSolution
		Debug|Any CPU = Debug|Any CPU
		Release|Any CPU = Release|Any CPU
	EndGlobalSection
	GlobalSection(ProjectConfigurationPlatforms) = postSolution
		{E53677E2-E0B0-4E2C-8EB7-CEB42F48471A}.Debug|Any CPU.ActiveCfg = Debug|Any CPU
		{E53677E2-E0B0-4E2C-8EB7-CEB42F48471A}.Debug|Any CPU.Build.0 = Debug|Any CPU
		{E53677E2-E0B0-4E2C-8EB7-CEB42F48471A}.Release|Any CPU.ActiveCfg = Release|Any CPU
		{E53677E2-E0B0-4E2C-8EB7-CEB42F48471A}.Release|Any CPU.Build.0 = Release|Any CPU
		{60757A86-C806-431E-BC07-263800EA0A22}.Debug|Any CPU.ActiveCfg = Debug|Any CPU
		{60757A86-C806-431E-BC07-263800EA0A22}.Debug|Any CPU.Build.0 = Debug|Any CPU
		{60757A86-C806-431E-BC07-263800EA0A22}.Release|Any CPU.ActiveCfg = Release|Any CPU
		{60757A86-C806-431E-BC07-263800EA0A22}.Release|Any CPU.Build.0 = Release|Any CPU
		{67E95611-7CC3-411E-9C19-D1B19EFB68FE}.Debug|Any CPU.ActiveCfg = Debug|Any CPU
		{67E95611-7CC3-411E-9C19-D1B19EFB68FE}.Debug|Any CPU.Build.0 = Debug|Any CPU
		{67E95611-7CC3-411E-9C19-D1B19EFB68FE}.Release|Any CPU.ActiveCfg = Release|Any CPU
		{67E95611-7CC3-411E-9C19-D1B19EFB68FE}.Release|Any CPU.Build.0 = Release|Any CPU
		{77122C83-A3E9-4BBE-94D0-B88787C8EC97}.Debug|Any CPU.ActiveCfg = Debug|Any CPU
		{77122C83-A3E9-4BBE-94D0-B88787C8EC97}.Debug|Any CPU.Build.0 = Debug|Any CPU
		{77122C83-A3E9-4BBE-94D0-B88787C8EC97}.Release|Any CPU.ActiveCfg = Release|Any CPU
		{77122C83-A3E9-4BBE-94D0-B88787C8EC97}.Release|Any CPU.Build.0 = Release|Any CPU
		{0D931077-DD0D-4253-B38D-D6802E127589}.Debug|Any CPU.ActiveCfg = Debug|Any CPU
		{0D931077-DD0D-4253-B38D-D6802E127589}.Debug|Any CPU.Build.0 = Debug|Any CPU
		{0D931077-DD0D-4253-B38D-D6802E127589}.Release|Any CPU.ActiveCfg = Release|Any CPU
		{0D931077-DD0D-4253-B38D-D6802E127589}.Release|Any CPU.Build.0 = Release|Any CPU
		{9CEE5DE7-6AD9-429A-AEDB-5124D6F96888}.Debug|Any CPU.ActiveCfg = Debug|Any CPU
		{9CEE5DE7-6AD9-429A-AEDB-5124D6F96888}.Debug|Any CPU.Build.0 = Debug|Any CPU
		{9CEE5DE7-6AD9-429A-AEDB-5124D6F96888}.Release|Any CPU.ActiveCfg = Release|Any CPU
		{9CEE5DE7-6AD9-429A-AEDB-5124D6F96888}.Release|Any CPU.Build.0 = Release|Any CPU
		{AA24CC60-BFEB-484D-9A85-61CBFB35EEBC}.Debug|Any CPU.ActiveCfg = Debug|Any CPU
		{AA24CC60-BFEB-484D-9A85-61CBFB35EEBC}.Debug|Any CPU.Build.0 = Debug|Any CPU
		{AA24CC60-BFEB-484D-9A85-61CBFB35EEBC}.Release|Any CPU.ActiveCfg = Release|Any CPU
		{AA24CC60-BFEB-484D-9A85-61CBFB35EEBC}.Release|Any CPU.Build.0 = Release|Any CPU
		{9EB4576E-114E-47F5-A241-67AB5E394691}.Debug|Any CPU.ActiveCfg = Debug|Any CPU
		{9EB4576E-114E-47F5-A241-67AB5E394691}.Debug|Any CPU.Build.0 = Debug|Any CPU
		{9EB4576E-114E-47F5-A241-67AB5E394691}.Release|Any CPU.ActiveCfg = Release|Any CPU
		{9EB4576E-114E-47F5-A241-67AB5E394691}.Release|Any CPU.Build.0 = Release|Any CPU
	EndGlobalSection
	GlobalSection(SolutionProperties) = preSolution
		HideSolutionNode = FALSE
	EndGlobalSection
	GlobalSection(NestedProjects) = preSolution
		{60757A86-C806-431E-BC07-263800EA0A22} = {E866300F-2C6E-4971-AD67-619515901751}
		{67E95611-7CC3-411E-9C19-D1B19EFB68FE} = {E2B00C42-AF82-4306-924D-8CAA120B70E3}
		{77122C83-A3E9-4BBE-94D0-B88787C8EC97} = {E2B00C42-AF82-4306-924D-8CAA120B70E3}
		{0D931077-DD0D-4253-B38D-D6802E127589} = {E2B00C42-AF82-4306-924D-8CAA120B70E3}
		{9CEE5DE7-6AD9-429A-AEDB-5124D6F96888} = {E2B00C42-AF82-4306-924D-8CAA120B70E3}
		{AA24CC60-BFEB-484D-9A85-61CBFB35EEBC} = {EE1CCBEA-E034-4B93-A865-1770C083E459}
		{9EB4576E-114E-47F5-A241-67AB5E394691} = {E866300F-2C6E-4971-AD67-619515901751}
	EndGlobalSection
	GlobalSection(ExtensibilityGlobals) = postSolution
		SolutionGuid = {D639B101-3942-4907-AF11-C325860CA90B}
	EndGlobalSection
EndGlobal
