
Microsoft Visual Studio Solution File, Format Version 12.00
# Visual Studio Version 17
VisualStudioVersion = 17.5.33424.131
MinimumVisualStudioVersion = 10.0.40219.1
Project("{FAE04EC0-301F-11D3-BF4B-00C04F79EFBC}") = "ToDo", "ToDo\ToDo.csproj", "{3E23ACAC-2E15-424B-BC66-4CCB7F9DF45B}"
EndProject
Global
	GlobalSection(SolutionConfigurationPlatforms) = preSolution
		Debug|Any CPU = Debug|Any CPU
		Release|Any CPU = Release|Any CPU
	EndGlobalSection
	GlobalSection(ProjectConfigurationPlatforms) = postSolution
		{3E23ACAC-2E15-424B-BC66-4CCB7F9DF45B}.Debug|Any CPU.ActiveCfg = Debug|Any CPU
		{3E23ACAC-2E15-424B-BC66-4CCB7F9DF45B}.Debug|Any CPU.Build.0 = Debug|Any CPU
		{3E23ACAC-2E15-424B-BC66-4CCB7F9DF45B}.Release|Any CPU.ActiveCfg = Release|Any CPU
		{3E23ACAC-2E15-424B-BC66-4CCB7F9DF45B}.Release|Any CPU.Build.0 = Release|Any CPU
	EndGlobalSection
	GlobalSection(SolutionProperties) = preSolution
		HideSolutionNode = FALSE
	EndGlobalSection
	GlobalSection(ExtensibilityGlobals) = postSolution
		SolutionGuid = {D639B101-3942-4907-AF11-C325860CA90B}
	EndGlobalSection
EndGlobal
